
Microsoft Visual Studio Solution File, Format Version 12.00
# Visual Studio Express 2012 for Web
Project("{FAE04EC0-301F-11D3-BF4B-00C04F79EFBC}") = "Resume.Web", "Resume\Resume.Web.csproj", "{D82F6217-5772-40EA-A821-438591FD5805}"
EndProject
Project("{FAE04EC0-301F-11D3-BF4B-00C04F79EFBC}") = "Dal", "Dal\Dal.csproj", "{57AC97E3-2A0D-491C-BEFB-C87DB688DDE9}"
EndProject
Project("{FAE04EC0-301F-11D3-BF4B-00C04F79EFBC}") = "Model", "Model\Model.csproj", "{03BF9616-2D5D-40D5-B24D-23378CBCD736}"
EndProject
Global
	GlobalSection(SolutionConfigurationPlatforms) = preSolution
		Debug|Any CPU = Debug|Any CPU
		Release|Any CPU = Release|Any CPU
	EndGlobalSection
	GlobalSection(ProjectConfigurationPlatforms) = postSolution
		{D82F6217-5772-40EA-A821-438591FD5805}.Debug|Any CPU.ActiveCfg = Debug|Any CPU
		{D82F6217-5772-40EA-A821-438591FD5805}.Debug|Any CPU.Build.0 = Debug|Any CPU
		{D82F6217-5772-40EA-A821-438591FD5805}.Release|Any CPU.ActiveCfg = Release|Any CPU
		{D82F6217-5772-40EA-A821-438591FD5805}.Release|Any CPU.Build.0 = Release|Any CPU
		{57AC97E3-2A0D-491C-BEFB-C87DB688DDE9}.Debug|Any CPU.ActiveCfg = Debug|Any CPU
		{57AC97E3-2A0D-491C-BEFB-C87DB688DDE9}.Debug|Any CPU.Build.0 = Debug|Any CPU
		{57AC97E3-2A0D-491C-BEFB-C87DB688DDE9}.Release|Any CPU.ActiveCfg = Release|Any CPU
		{57AC97E3-2A0D-491C-BEFB-C87DB688DDE9}.Release|Any CPU.Build.0 = Release|Any CPU
		{03BF9616-2D5D-40D5-B24D-23378CBCD736}.Debug|Any CPU.ActiveCfg = Debug|Any CPU
		{03BF9616-2D5D-40D5-B24D-23378CBCD736}.Debug|Any CPU.Build.0 = Debug|Any CPU
		{03BF9616-2D5D-40D5-B24D-23378CBCD736}.Release|Any CPU.ActiveCfg = Release|Any CPU
		{03BF9616-2D5D-40D5-B24D-23378CBCD736}.Release|Any CPU.Build.0 = Release|Any CPU
	EndGlobalSection
	GlobalSection(SolutionProperties) = preSolution
		HideSolutionNode = FALSE
	EndGlobalSection
	GlobalSection(ExtensibilityGlobals) = postSolution
		EnterpriseLibraryConfigurationToolBinariesPath = packages\Unity.2.1.505.2\lib\NET35
	EndGlobalSection
EndGlobal
